{
  "version": "5",
  "specifiers": {
    "jsr:@std/assert@1": "1.0.19",
    "jsr:@std/internal@^1.0.12": "1.0.13",
    "npm:@ai-sdk/google@^3.0.67": "3.0.67_zod@4.4.3",
    "npm:ai@^6.0.174": "6.0.174_zod@4.4.3"
  },
  "jsr": {
    "@std/assert@1.0.19": {
      "integrity": "eaada96ee120cb980bc47e040f82814d786fe8162ecc53c91d8df60b8755991e",
      "dependencies": [
        "jsr:@std/internal"
      ]
    },
    "@std/internal@1.0.13": {
      "integrity": "2f9546691d4ac2d32859c82dff284aaeac980ddeca38430d07941e7e288725c0"
    }
  },
  "npm": {
    "@ai-sdk/gateway@3.0.109_zod@4.4.3": {
      "integrity": "sha512-r6dOqThjODp1vOhGRJg2OCmyB/ZOQtGx1esZ2SDvwDX5XoX8dBqYaYjLg8MPXTzMGJSgOkJyCxWgUcZtAl16pw==",
      "dependencies": [
        "@ai-sdk/provider",
        "@ai-sdk/provider-utils",
        "@vercel/oidc",
        "zod"
      ]
    },
    "@ai-sdk/google@3.0.67_zod@4.4.3": {
      "integrity": "sha512-Qeq+SidYtzMrcf0fdw3L0QLmtXK+ErwdBzbxS4+0Q/2UP85Ges8RJJcbAj7SO8e2JbeJoM35BLqkeNy1o3wJvQ==",
      "dependencies": [
        "@ai-sdk/provider",
        "@ai-sdk/provider-utils",
        "zod"
      ]
    },
    "@ai-sdk/provider-utils@4.0.26_zod@4.4.3": {
      "integrity": "sha512-CsKNLKsOpvPujRlIYvoz+Ybw+kGn7J4/fIZa/58+R7iWLLfwn6ifE2G6Yq8K9XvH/I/3bzaDAJ3NhRwEMsLBKQ==",
      "dependencies": [
        "@ai-sdk/provider",
        "@standard-schema/spec",
        "eventsource-parser",
        "zod"
      ]
    },
    "@ai-sdk/provider@3.0.10": {
      "integrity": "sha512-Q3BZ27qfpYqnCYGvE3vt+Qi6LGOF9R5Nmzn+9JoM1lCRsD9mYaIhfJLkSunN48nfGXJ6n+XNV0J/XVpqGQl7Dw==",
      "dependencies": [
        "json-schema"
      ]
    },
    "@opentelemetry/api@1.9.0": {
      "integrity": "sha512-3giAOQvZiH5F9bMlMiv8+GSPMeqg0dbaeo58/0SlA9sxSqZhnUtxzX9/2FzyhS9sWQf5S0GJE0AKBrFqjpeYcg=="
    },
    "@standard-schema/spec@1.1.0": {
      "integrity": "sha512-l2aFy5jALhniG5HgqrD6jXLi/rUWrKvqN/qJx6yoJsgKhblVd+iqqU4RCXavm/jPityDo5TCvKMnpjKnOriy0w=="
    },
    "@vercel/oidc@3.2.0": {
      "integrity": "sha512-UycprH3T6n3jH0k44NHMa7pnFHGu/N05MjojYr+Mc6I7obkoLIJujSWwin1pCvdy/eOxrI/l3uDLQsmcrOb4ug=="
    },
    "ai@6.0.174_zod@4.4.3": {
      "integrity": "sha512-bTrfLUWHWtkjzWyCY4bmyuk4Qvmj4S4NSNsXyNSVVqkmftQNtxRj7dzUoMeQDBBwlJO6fC7m2Q/lNOPqQQfAGA==",
      "dependencies": [
        "@ai-sdk/gateway",
        "@ai-sdk/provider",
        "@ai-sdk/provider-utils",
        "@opentelemetry/api",
        "zod"
      ]
    },
    "eventsource-parser@3.0.8": {
      "integrity": "sha512-70QWGkr4snxr0OXLRWsFLeRBIRPuQOvt4s8QYjmUlmlkyTZkRqS7EDVRZtzU3TiyDbXSzaOeF0XUKy8PchzukQ=="
    },
    "json-schema@0.4.0": {
      "integrity": "sha512-es94M3nTIfsEPisRafak+HDLfHXnKBhV3vU5eqPcS3flIWqcxJWgXHXiey3YrpaNsanY5ei1VoYEbOzijuq9BA=="
    },
    "zod@4.4.3": {
      "integrity": "sha512-ytENFjIJFl2UwYglde2jchW2Hwm4GJFLDiSXWdTrJQBIN9Fcyp7n4DhxJEiWNAJMV1/BqWfW/kkg71UDcHJyTQ=="
    }
  },
  "workspace": {
    "dependencies": [
      "jsr:@std/assert@1",
      "npm:@ai-sdk/google@^3.0.67",
      "npm:ai@^6.0.174"
    ]
  }
}
